
Microsoft Visual Studio Solution File, Format Version 12.00
# Visual Studio Version 17
VisualStudioVersion = 17.8.34330.188
MinimumVisualStudioVersion = 10.0.40219.1
Project("{8BC9CEB8-8B4A-11D0-8D11-00A0C91BC942}") = "ocr_cpp", "ocr_cpp.vcxproj", "{69A11FAD-BB3F-4522-B2E3-9F8AB3F39F08}"
EndProject
Project("{8BC9CEB8-8B4A-11D0-8D11-00A0C91BC942}") = "setalwaysontop", "..\setalwaysontop\setalwaysontop.vcxproj", "{60B210CE-63AE-4E3F-8EDC-0E5D356699F1}"
EndProject
Global
	GlobalSection(SolutionConfigurationPlatforms) = preSolution
		Debug|x64 = Debug|x64
		Debug|x86 = Debug|x86
		Release|x64 = Release|x64
		Release|x86 = Release|x86
	EndGlobalSection
	GlobalSection(ProjectConfigurationPlatforms) = postSolution
		{69A11FAD-BB3F-4522-B2E3-9F8AB3F39F08}.Debug|x64.ActiveCfg = Debug|x64
		{69A11FAD-BB3F-4522-B2E3-9F8AB3F39F08}.Debug|x64.Build.0 = Debug|x64
		{69A11FAD-BB3F-4522-B2E3-9F8AB3F39F08}.Debug|x86.ActiveCfg = Debug|Win32
		{69A11FAD-BB3F-4522-B2E3-9F8AB3F39F08}.Debug|x86.Build.0 = Debug|Win32
		{69A11FAD-BB3F-4522-B2E3-9F8AB3F39F08}.Release|x64.ActiveCfg = Release|x64
		{69A11FAD-BB3F-4522-B2E3-9F8AB3F39F08}.Release|x64.Build.0 = Release|x64
		{69A11FAD-BB3F-4522-B2E3-9F8AB3F39F08}.Release|x86.ActiveCfg = Release|Win32
		{69A11FAD-BB3F-4522-B2E3-9F8AB3F39F08}.Release|x86.Build.0 = Release|Win32
		{60B210CE-63AE-4E3F-8EDC-0E5D356699F1}.Debug|x64.ActiveCfg = Debug|x64
		{60B210CE-63AE-4E3F-8EDC-0E5D356699F1}.Debug|x64.Build.0 = Debug|x64
		{60B210CE-63AE-4E3F-8EDC-0E5D356699F1}.Debug|x86.ActiveCfg = Debug|Win32
		{60B210CE-63AE-4E3F-8EDC-0E5D356699F1}.Debug|x86.Build.0 = Debug|Win32
		{60B210CE-63AE-4E3F-8EDC-0E5D356699F1}.Release|x64.ActiveCfg = Release|x64
		{60B210CE-63AE-4E3F-8EDC-0E5D356699F1}.Release|x64.Build.0 = Release|x64
		{60B210CE-63AE-4E3F-8EDC-0E5D356699F1}.Release|x86.ActiveCfg = Release|Win32
		{60B210CE-63AE-4E3F-8EDC-0E5D356699F1}.Release|x86.Build.0 = Release|Win32
	EndGlobalSection
	GlobalSection(SolutionProperties) = preSolution
		HideSolutionNode = FALSE
	EndGlobalSection
	GlobalSection(ExtensibilityGlobals) = postSolution
		SolutionGuid = {A32E47ED-DFB8-46B6-B5B2-C1DB892B23CF}
	EndGlobalSection
EndGlobal
